// !$*UTF8*$!
{
	archiveVersion = 1;
	classes = {
	};
	objectVersion = 56;
	objects = {

/* Begin PBXBuildFile section */
		B971EE8A2A7FE41600C5D035 /* CarList.swift in Sources */ = {isa = PBXBuildFile; fileRef = B971EE892A7FE41600C5D035 /* CarList.swift */; };
		B971EE8C2A7FE41700C5D035 /* Assets.xcassets in Resources */ = {isa = PBXBuildFile; fileRef = B971EE8B2A7FE41700C5D035 /* Assets.xcassets */; };
		B971EE8F2A7FE41700C5D035 /* Preview Assets.xcassets in Resources */ = {isa = PBXBuildFile; fileRef = B971EE8E2A7FE41700C5D035 /* Preview Assets.xcassets */; };
		B971EE962A7FE50700C5D035 /* CarImages.swift in Sources */ = {isa = PBXBuildFile; fileRef = B971EE952A7FE50700C5D035 /* CarImages.swift */; };
		B971EE982A7FE54700C5D035 /* CarListItem.swift in Sources */ = {isa = PBXBuildFile; fileRef = B971EE972A7FE54700C5D035 /* CarListItem.swift */; };
		B971EE9B2A7FE61600C5D035 /* NetworkManager.swift in Sources */ = {isa = PBXBuildFile; fileRef = B971EE9A2A7FE61600C5D035 /* NetworkManager.swift */; };
		B971EE9F2A7FE71D00C5D035 /* CarsListViewModel.swift in Sources */ = {isa = PBXBuildFile; fileRef = B971EE9E2A7FE71D00C5D035 /* CarsListViewModel.swift */; };
		B971EEA12A7FE74B00C5D035 /* CarsListCard.swift in Sources */ = {isa = PBXBuildFile; fileRef = B971EEA02A7FE74B00C5D035 /* CarsListCard.swift */; };
		B971EEAC2A7FF6A600C5D035 /* AvtomobilkaApp.swift in Sources */ = {isa = PBXBuildFile; fileRef = B971EEAB2A7FF6A600C5D035 /* AvtomobilkaApp.swift */; };
		B971EEAE2A801E5300C5D035 /* CarScreen.swift in Sources */ = {isa = PBXBuildFile; fileRef = B971EEAD2A801E5300C5D035 /* CarScreen.swift */; };
		B971EEB02A801ED100C5D035 /* PostCard.swift in Sources */ = {isa = PBXBuildFile; fileRef = B971EEAF2A801ED100C5D035 /* PostCard.swift */; };
		B971EEB22A801EF300C5D035 /* TopProfileView.swift in Sources */ = {isa = PBXBuildFile; fileRef = B971EEB12A801EF300C5D035 /* TopProfileView.swift */; };
		B971EEB42A802C8800C5D035 /* AuthorAvatar.swift in Sources */ = {isa = PBXBuildFile; fileRef = B971EEB32A802C8800C5D035 /* AuthorAvatar.swift */; };
		B971EEB62A802CFF00C5D035 /* CarUser.swift in Sources */ = {isa = PBXBuildFile; fileRef = B971EEB52A802CFF00C5D035 /* CarUser.swift */; };
		B971EEB82A802D2300C5D035 /* Post.swift in Sources */ = {isa = PBXBuildFile; fileRef = B971EEB72A802D2300C5D035 /* Post.swift */; };
		B971EEBA2A802DD900C5D035 /* PostAuthor.swift in Sources */ = {isa = PBXBuildFile; fileRef = B971EEB92A802DD900C5D035 /* PostAuthor.swift */; };
		B971EEBC2A802DFF00C5D035 /* PostsForCar.swift in Sources */ = {isa = PBXBuildFile; fileRef = B971EEBB2A802DFF00C5D035 /* PostsForCar.swift */; };
		B971EEBE2A802ED600C5D035 /* CarViewModel.swift in Sources */ = {isa = PBXBuildFile; fileRef = B971EEBD2A802ED600C5D035 /* CarViewModel.swift */; };
		B971EEE62A803BA100C5D035 /* Car.swift in Sources */ = {isa = PBXBuildFile; fileRef = B971EEE52A803BA100C5D035 /* Car.swift */; };
		B971EEE82A803BC600C5D035 /* CarInfo.swift in Sources */ = {isa = PBXBuildFile; fileRef = B971EEE72A803BC600C5D035 /* CarInfo.swift */; };
		B971EEEA2A803E1600C5D035 /* PostCarViewModel.swift in Sources */ = {isa = PBXBuildFile; fileRef = B971EEE92A803E1600C5D035 /* PostCarViewModel.swift */; };
		B971EEEC2A804E5F00C5D035 /* Formatter.swift in Sources */ = {isa = PBXBuildFile; fileRef = B971EEEB2A804E5F00C5D035 /* Formatter.swift */; };
		B971EEEE2A804E7900C5D035 /* AccountStatisticsView.swift in Sources */ = {isa = PBXBuildFile; fileRef = B971EEED2A804E7900C5D035 /* AccountStatisticsView.swift */; };
		B971EEF02A804E9700C5D035 /* AvatarView.swift in Sources */ = {isa = PBXBuildFile; fileRef = B971EEEF2A804E9700C5D035 /* AvatarView.swift */; };
		B971EEF22A804EBE00C5D035 /* CarListCardInfoView.swift in Sources */ = {isa = PBXBuildFile; fileRef = B971EEF12A804EBE00C5D035 /* CarListCardInfoView.swift */; };
		B971EEF42A804FBE00C5D035 /* PostCardInfoView.swift in Sources */ = {isa = PBXBuildFile; fileRef = B971EEF32A804FBE00C5D035 /* PostCardInfoView.swift */; };
		B971EEF62A804FD800C5D035 /* StatisticsItems.swift in Sources */ = {isa = PBXBuildFile; fileRef = B971EEF52A804FD800C5D035 /* StatisticsItems.swift */; };
/* End PBXBuildFile section */

/* Begin PBXFileReference section */
		B971EE842A7FE41600C5D035 /* AutoMyTestSUI.app */ = {isa = PBXFileReference; explicitFileType = wrapper.application; includeInIndex = 0; path = AutoMyTestSUI.app; sourceTree = BUILT_PRODUCTS_DIR; };
		B971EE892A7FE41600C5D035 /* CarList.swift */ = {isa = PBXFileReference; lastKnownFileType = sourcecode.swift; path = CarList.swift; sourceTree = "<group>"; };
		B971EE8B2A7FE41700C5D035 /* Assets.xcassets */ = {isa = PBXFileReference; lastKnownFileType = folder.assetcatalog; path = Assets.xcassets; sourceTree = "<group>"; };
		B971EE8E2A7FE41700C5D035 /* Preview Assets.xcassets */ = {isa = PBXFileReference; lastKnownFileType = folder.assetcatalog; path = "Preview Assets.xcassets"; sourceTree = "<group>"; };
		B971EE952A7FE50700C5D035 /* CarImages.swift */ = {isa = PBXFileReference; lastKnownFileType = sourcecode.swift; path = CarImages.swift; sourceTree = "<group>"; };
		B971EE972A7FE54700C5D035 /* CarListItem.swift */ = {isa = PBXFileReference; lastKnownFileType = sourcecode.swift; path = CarListItem.swift; sourceTree = "<group>"; };
		B971EE9A2A7FE61600C5D035 /* NetworkManager.swift */ = {isa = PBXFileReference; lastKnownFileType = sourcecode.swift; path = NetworkManager.swift; sourceTree = "<group>"; };
		B971EE9E2A7FE71D00C5D035 /* CarsListViewModel.swift */ = {isa = PBXFileReference; lastKnownFileType = sourcecode.swift; path = CarsListViewModel.swift; sourceTree = "<group>"; };
		B971EEA02A7FE74B00C5D035 /* CarsListCard.swift */ = {isa = PBXFileReference; lastKnownFileType = sourcecode.swift; path = CarsListCard.swift; sourceTree = "<group>"; };
		B971EEAB2A7FF6A600C5D035 /* AvtomobilkaApp.swift */ = {isa = PBXFileReference; lastKnownFileType = sourcecode.swift; path = AvtomobilkaApp.swift; sourceTree = "<group>"; };
		B971EEAD2A801E5300C5D035 /* CarScreen.swift */ = {isa = PBXFileReference; lastKnownFileType = sourcecode.swift; path = CarScreen.swift; sourceTree = "<group>"; };
		B971EEAF2A801ED100C5D035 /* PostCard.swift */ = {isa = PBXFileReference; lastKnownFileType = sourcecode.swift; path = PostCard.swift; sourceTree = "<group>"; };
		B971EEB12A801EF300C5D035 /* TopProfileView.swift */ = {isa = PBXFileReference; lastKnownFileType = sourcecode.swift; path = TopProfileView.swift; sourceTree = "<group>"; };
		B971EEB32A802C8800C5D035 /* AuthorAvatar.swift */ = {isa = PBXFileReference; lastKnownFileType = sourcecode.swift; path = AuthorAvatar.swift; sourceTree = "<group>"; };
		B971EEB52A802CFF00C5D035 /* CarUser.swift */ = {isa = PBXFileReference; lastKnownFileType = sourcecode.swift; path = CarUser.swift; sourceTree = "<group>"; };
		B971EEB72A802D2300C5D035 /* Post.swift */ = {isa = PBXFileReference; lastKnownFileType = sourcecode.swift; path = Post.swift; sourceTree = "<group>"; };
		B971EEB92A802DD900C5D035 /* PostAuthor.swift */ = {isa = PBXFileReference; lastKnownFileType = sourcecode.swift; path = PostAuthor.swift; sourceTree = "<group>"; };
		B971EEBB2A802DFF00C5D035 /* PostsForCar.swift */ = {isa = PBXFileReference; lastKnownFileType = sourcecode.swift; path = PostsForCar.swift; sourceTree = "<group>"; };
		B971EEBD2A802ED600C5D035 /* CarViewModel.swift */ = {isa = PBXFileReference; lastKnownFileType = sourcecode.swift; path = CarViewModel.swift; sourceTree = "<group>"; };
		B971EEC22A802F7B00C5D035 /* Info.plist */ = {isa = PBXFileReference; lastKnownFileType = text.plist.xml; path = Info.plist; sourceTree = "<group>"; };
		B971EEE52A803BA100C5D035 /* Car.swift */ = {isa = PBXFileReference; lastKnownFileType = sourcecode.swift; path = Car.swift; sourceTree = "<group>"; };
		B971EEE72A803BC600C5D035 /* CarInfo.swift */ = {isa = PBXFileReference; lastKnownFileType = sourcecode.swift; path = CarInfo.swift; sourceTree = "<group>"; };
		B971EEE92A803E1600C5D035 /* PostCarViewModel.swift */ = {isa = PBXFileReference; lastKnownFileType = sourcecode.swift; path = PostCarViewModel.swift; sourceTree = "<group>"; };
		B971EEEB2A804E5F00C5D035 /* Formatter.swift */ = {isa = PBXFileReference; lastKnownFileType = sourcecode.swift; path = Formatter.swift; sourceTree = "<group>"; };
		B971EEED2A804E7900C5D035 /* AccountStatisticsView.swift */ = {isa = PBXFileReference; lastKnownFileType = sourcecode.swift; path = AccountStatisticsView.swift; sourceTree = "<group>"; };
		B971EEEF2A804E9700C5D035 /* AvatarView.swift */ = {isa = PBXFileReference; lastKnownFileType = sourcecode.swift; path = AvatarView.swift; sourceTree = "<group>"; };
		B971EEF12A804EBE00C5D035 /* CarListCardInfoView.swift */ = {isa = PBXFileReference; lastKnownFileType = sourcecode.swift; path = CarListCardInfoView.swift; sourceTree = "<group>"; };
		B971EEF32A804FBE00C5D035 /* PostCardInfoView.swift */ = {isa = PBXFileReference; lastKnownFileType = sourcecode.swift; path = PostCardInfoView.swift; sourceTree = "<group>"; };
		B971EEF52A804FD800C5D035 /* StatisticsItems.swift */ = {isa = PBXFileReference; lastKnownFileType = sourcecode.swift; path = StatisticsItems.swift; sourceTree = "<group>"; };
/* End PBXFileReference section */

/* Begin PBXFrameworksBuildPhase section */
		B971EE812A7FE41600C5D035 /* Frameworks */ = {
			isa = PBXFrameworksBuildPhase;
			buildActionMask = 2147483647;
			files = (
			);
			runOnlyForDeploymentPostprocessing = 0;
		};
/* End PBXFrameworksBuildPhase section */

/* Begin PBXGroup section */
		B971EE7B2A7FE41600C5D035 = {
			isa = PBXGroup;
			children = (
				B971EE862A7FE41600C5D035 /* AutoMyTestSUI */,
				B971EE852A7FE41600C5D035 /* Products */,
			);
			sourceTree = "<group>";
		};
		B971EE852A7FE41600C5D035 /* Products */ = {
			isa = PBXGroup;
			children = (
				B971EE842A7FE41600C5D035 /* AutoMyTestSUI.app */,
			);
			name = Products;
			sourceTree = "<group>";
		};
		B971EE862A7FE41600C5D035 /* AutoMyTestSUI */ = {
			isa = PBXGroup;
			children = (
				B971EEC12A802F6800C5D035 /* Views */,
				B971EEA82A7FE8F300C5D035 /* ViewModels */,
				B971EE992A7FE57600C5D035 /* Models */,
				B971EEE42A803B0700C5D035 /* Services */,
				B971EE8D2A7FE41700C5D035 /* Preview Content */,
				B971EE8B2A7FE41700C5D035 /* Assets.xcassets */,
				B971EEA92A7FE93100C5D035 /* App */,
				B971EEEB2A804E5F00C5D035 /* Formatter.swift */,
				B971EEED2A804E7900C5D035 /* AccountStatisticsView.swift */,
				B971EEEF2A804E9700C5D035 /* AvatarView.swift */,
				B971EEF12A804EBE00C5D035 /* CarListCardInfoView.swift */,
				B971EEF32A804FBE00C5D035 /* PostCardInfoView.swift */,
				B971EEF52A804FD800C5D035 /* StatisticsItems.swift */,
			);
			path = AutoMyTestSUI;
			sourceTree = "<group>";
		};
		B971EE8D2A7FE41700C5D035 /* Preview Content */ = {
			isa = PBXGroup;
			children = (
				B971EE8E2A7FE41700C5D035 /* Preview Assets.xcassets */,
			);
			path = "Preview Content";
			sourceTree = "<group>";
		};
		B971EE992A7FE57600C5D035 /* Models */ = {
			isa = PBXGroup;
			children = (
				B971EEC62A80315600C5D035 /* Car */,
				B971EEC72A8031DD00C5D035 /* PostForCar */,
				B971EEE32A803AD400C5D035 /* CarList */,
			);
			path = Models;
			sourceTree = "<group>";
		};
		B971EEA22A7FE77100C5D035 /* CarsList */ = {
			isa = PBXGroup;
			children = (
				B971EE892A7FE41600C5D035 /* CarList.swift */,
				B971EEA02A7FE74B00C5D035 /* CarsListCard.swift */,
			);
			path = CarsList;
			sourceTree = "<group>";
		};
		B971EEA52A7FE7E800C5D035 /* Network */ = {
			isa = PBXGroup;
			children = (
				B971EE9A2A7FE61600C5D035 /* NetworkManager.swift */,
			);
			path = Network;
			sourceTree = "<group>";
		};
		B971EEA82A7FE8F300C5D035 /* ViewModels */ = {
			isa = PBXGroup;
			children = (
				B971EE9E2A7FE71D00C5D035 /* CarsListViewModel.swift */,
				B971EEBD2A802ED600C5D035 /* CarViewModel.swift */,
				B971EEE92A803E1600C5D035 /* PostCarViewModel.swift */,
			);
			path = ViewModels;
			sourceTree = "<group>";
		};
		B971EEA92A7FE93100C5D035 /* App */ = {
			isa = PBXGroup;
			children = (
				B971EEAB2A7FF6A600C5D035 /* AvtomobilkaApp.swift */,
				B971EEC22A802F7B00C5D035 /* Info.plist */,
			);
			path = App;
			sourceTree = "<group>";
		};
		B971EEC12A802F6800C5D035 /* Views */ = {
			isa = PBXGroup;
			children = (
				B971EEC32A802F9300C5D035 /* CarProfile */,
				B971EEA22A7FE77100C5D035 /* CarsList */,
			);
			name = Views;
			path = ViewModels;
			sourceTree = "<group>";
		};
		B971EEC32A802F9300C5D035 /* CarProfile */ = {
			isa = PBXGroup;
			children = (
				B971EEC42A802FAD00C5D035 /* Post */,
				B971EEAD2A801E5300C5D035 /* CarScreen.swift */,
				B971EEB12A801EF300C5D035 /* TopProfileView.swift */,
			);
			path = CarProfile;
			sourceTree = "<group>";
		};
		B971EEC42A802FAD00C5D035 /* Post */ = {
			isa = PBXGroup;
			children = (
				B971EEAF2A801ED100C5D035 /* PostCard.swift */,
			);
			path = Post;
			sourceTree = "<group>";
		};
		B971EEC62A80315600C5D035 /* Car */ = {
			isa = PBXGroup;
			children = (
				B971EEE52A803BA100C5D035 /* Car.swift */,
				B971EEE72A803BC600C5D035 /* CarInfo.swift */,
			);
			path = Car;
			sourceTree = "<group>";
		};
		B971EEC72A8031DD00C5D035 /* PostForCar */ = {
			isa = PBXGroup;
			children = (
				B971EEBB2A802DFF00C5D035 /* PostsForCar.swift */,
				B971EEB52A802CFF00C5D035 /* CarUser.swift */,
				B971EEB72A802D2300C5D035 /* Post.swift */,
				B971EEB92A802DD900C5D035 /* PostAuthor.swift */,
				B971EEB32A802C8800C5D035 /* AuthorAvatar.swift */,
			);
			path = PostForCar;
			sourceTree = "<group>";
		};
		B971EEE32A803AD400C5D035 /* CarList */ = {
			isa = PBXGroup;
			children = (
				B971EE972A7FE54700C5D035 /* CarListItem.swift */,
				B971EE952A7FE50700C5D035 /* CarImages.swift */,
			);
			path = CarList;
			sourceTree = "<group>";
		};
		B971EEE42A803B0700C5D035 /* Services */ = {
			isa = PBXGroup;
			children = (
				B971EEA52A7FE7E800C5D035 /* Network */,
			);
			path = Services;
			sourceTree = "<group>";
		};
/* End PBXGroup section */

/* Begin PBXNativeTarget section */
		B971EE832A7FE41600C5D035 /* AutoMyTestSUI */ = {
			isa = PBXNativeTarget;
			buildConfigurationList = B971EE922A7FE41700C5D035 /* Build configuration list for PBXNativeTarget "AutoMyTestSUI" */;
			buildPhases = (
				B971EE802A7FE41600C5D035 /* Sources */,
				B971EE812A7FE41600C5D035 /* Frameworks */,
				B971EE822A7FE41600C5D035 /* Resources */,
			);
			buildRules = (
			);
			dependencies = (
			);
			name = AutoMyTestSUI;
			productName = AutoMyTestSUI;
			productReference = B971EE842A7FE41600C5D035 /* AutoMyTestSUI.app */;
			productType = "com.apple.product-type.application";
		};
/* End PBXNativeTarget section */

/* Begin PBXProject section */
		B971EE7C2A7FE41600C5D035 /* Project object */ = {
			isa = PBXProject;
			attributes = {
				BuildIndependentTargetsInParallel = 1;
				LastSwiftUpdateCheck = 1420;
				LastUpgradeCheck = 1420;
				TargetAttributes = {
					B971EE832A7FE41600C5D035 = {
						CreatedOnToolsVersion = 14.2;
					};
				};
			};
			buildConfigurationList = B971EE7F2A7FE41600C5D035 /* Build configuration list for PBXProject "AutoMyTestSUI" */;
			compatibilityVersion = "Xcode 14.0";
			developmentRegion = en;
			hasScannedForEncodings = 0;
			knownRegions = (
				en,
				Base,
			);
			mainGroup = B971EE7B2A7FE41600C5D035;
			productRefGroup = B971EE852A7FE41600C5D035 /* Products */;
			projectDirPath = "";
			projectRoot = "";
			targets = (
				B971EE832A7FE41600C5D035 /* AutoMyTestSUI */,
			);
		};
/* End PBXProject section */

/* Begin PBXResourcesBuildPhase section */
		B971EE822A7FE41600C5D035 /* Resources */ = {
			isa = PBXResourcesBuildPhase;
			buildActionMask = 2147483647;
			files = (
				B971EE8F2A7FE41700C5D035 /* Preview Assets.xcassets in Resources */,
				B971EE8C2A7FE41700C5D035 /* Assets.xcassets in Resources */,
			);
			runOnlyForDeploymentPostprocessing = 0;
		};
/* End PBXResourcesBuildPhase section */

/* Begin PBXSourcesBuildPhase section */
		B971EE802A7FE41600C5D035 /* Sources */ = {
			isa = PBXSourcesBuildPhase;
			buildActionMask = 2147483647;
			files = (
				B971EEF42A804FBE00C5D035 /* PostCardInfoView.swift in Sources */,
				B971EE8A2A7FE41600C5D035 /* CarList.swift in Sources */,
				B971EEAC2A7FF6A600C5D035 /* AvtomobilkaApp.swift in Sources */,
				B971EEEC2A804E5F00C5D035 /* Formatter.swift in Sources */,
				B971EEF62A804FD800C5D035 /* StatisticsItems.swift in Sources */,
				B971EEBC2A802DFF00C5D035 /* PostsForCar.swift in Sources */,
				B971EE982A7FE54700C5D035 /* CarListItem.swift in Sources */,
				B971EEEE2A804E7900C5D035 /* AccountStatisticsView.swift in Sources */,
				B971EEF22A804EBE00C5D035 /* CarListCardInfoView.swift in Sources */,
				B971EEBE2A802ED600C5D035 /* CarViewModel.swift in Sources */,
				B971EEB42A802C8800C5D035 /* AuthorAvatar.swift in Sources */,
				B971EEEA2A803E1600C5D035 /* PostCarViewModel.swift in Sources */,
				B971EEF02A804E9700C5D035 /* AvatarView.swift in Sources */,
				B971EEBA2A802DD900C5D035 /* PostAuthor.swift in Sources */,
				B971EE9B2A7FE61600C5D035 /* NetworkManager.swift in Sources */,
				B971EEB62A802CFF00C5D035 /* CarUser.swift in Sources */,
				B971EEB22A801EF300C5D035 /* TopProfileView.swift in Sources */,
				B971EEAE2A801E5300C5D035 /* CarScreen.swift in Sources */,
				B971EEE62A803BA100C5D035 /* Car.swift in Sources */,
				B971EEB82A802D2300C5D035 /* Post.swift in Sources */,
				B971EE962A7FE50700C5D035 /* CarImages.swift in Sources */,
				B971EEA12A7FE74B00C5D035 /* CarsListCard.swift in Sources */,
				B971EE9F2A7FE71D00C5D035 /* CarsListViewModel.swift in Sources */,
				B971EEE82A803BC600C5D035 /* CarInfo.swift in Sources */,
				B971EEB02A801ED100C5D035 /* PostCard.swift in Sources */,
			);
			runOnlyForDeploymentPostprocessing = 0;
		};
/* End PBXSourcesBuildPhase section */

/* Begin XCBuildConfiguration section */
		B971EE902A7FE41700C5D035 /* Debug */ = {
			isa = XCBuildConfiguration;
			buildSettings = {
				ALWAYS_SEARCH_USER_PATHS = NO;
				CLANG_ANALYZER_NONNULL = YES;
				CLANG_ANALYZER_NUMBER_OBJECT_CONVERSION = YES_AGGRESSIVE;
				CLANG_CXX_LANGUAGE_STANDARD = "gnu++20";
				CLANG_ENABLE_MODULES = YES;
				CLANG_ENABLE_OBJC_ARC = YES;
				CLANG_ENABLE_OBJC_WEAK = YES;
				CLANG_WARN_BLOCK_CAPTURE_AUTORELEASING = YES;
				CLANG_WARN_BOOL_CONVERSION = YES;
				CLANG_WARN_COMMA = YES;
				CLANG_WARN_CONSTANT_CONVERSION = YES;
				CLANG_WARN_DEPRECATED_OBJC_IMPLEMENTATIONS = YES;
				CLANG_WARN_DIRECT_OBJC_ISA_USAGE = YES_ERROR;
				CLANG_WARN_DOCUMENTATION_COMMENTS = YES;
				CLANG_WARN_EMPTY_BODY = YES;
				CLANG_WARN_ENUM_CONVERSION = YES;
				CLANG_WARN_INFINITE_RECURSION = YES;
				CLANG_WARN_INT_CONVERSION = YES;
				CLANG_WARN_NON_LITERAL_NULL_CONVERSION = YES;
				CLANG_WARN_OBJC_IMPLICIT_RETAIN_SELF = YES;
				CLANG_WARN_OBJC_LITERAL_CONVERSION = YES;
				CLANG_WARN_OBJC_ROOT_CLASS = YES_ERROR;
				CLANG_WARN_QUOTED_INCLUDE_IN_FRAMEWORK_HEADER = YES;
				CLANG_WARN_RANGE_LOOP_ANALYSIS = YES;
				CLANG_WARN_STRICT_PROTOTYPES = YES;
				CLANG_WARN_SUSPICIOUS_MOVE = YES;
				CLANG_WARN_UNGUARDED_AVAILABILITY = YES_AGGRESSIVE;
				CLANG_WARN_UNREACHABLE_CODE = YES;
				CLANG_WARN__DUPLICATE_METHOD_MATCH = YES;
				COPY_PHASE_STRIP = NO;
				DEBUG_INFORMATION_FORMAT = dwarf;
				ENABLE_STRICT_OBJC_MSGSEND = YES;
				ENABLE_TESTABILITY = YES;
				GCC_C_LANGUAGE_STANDARD = gnu11;
				GCC_DYNAMIC_NO_PIC = NO;
				GCC_NO_COMMON_BLOCKS = YES;
				GCC_OPTIMIZATION_LEVEL = 0;
				GCC_PREPROCESSOR_DEFINITIONS = (
					"DEBUG=1",
					"$(inherited)",
				);
				GCC_WARN_64_TO_32_BIT_CONVERSION = YES;
				GCC_WARN_ABOUT_RETURN_TYPE = YES_ERROR;
				GCC_WARN_UNDECLARED_SELECTOR = YES;
				GCC_WARN_UNINITIALIZED_AUTOS = YES_AGGRESSIVE;
				GCC_WARN_UNUSED_FUNCTION = YES;
				GCC_WARN_UNUSED_VARIABLE = YES;
				IPHONEOS_DEPLOYMENT_TARGET = 16.2;
				MTL_ENABLE_DEBUG_INFO = INCLUDE_SOURCE;
				MTL_FAST_MATH = YES;
				ONLY_ACTIVE_ARCH = YES;
				SDKROOT = iphoneos;
				SWIFT_ACTIVE_COMPILATION_CONDITIONS = DEBUG;
				SWIFT_OPTIMIZATION_LEVEL = "-Onone";
			};
			name = Debug;
		};
		B971EE912A7FE41700C5D035 /* Release */ = {
			isa = XCBuildConfiguration;
			buildSettings = {
				ALWAYS_SEARCH_USER_PATHS = NO;
				CLANG_ANALYZER_NONNULL = YES;
				CLANG_ANALYZER_NUMBER_OBJECT_CONVERSION = YES_AGGRESSIVE;
				CLANG_CXX_LANGUAGE_STANDARD = "gnu++20";
				CLANG_ENABLE_MODULES = YES;
				CLANG_ENABLE_OBJC_ARC = YES;
				CLANG_ENABLE_OBJC_WEAK = YES;
				CLANG_WARN_BLOCK_CAPTURE_AUTORELEASING = YES;
				CLANG_WARN_BOOL_CONVERSION = YES;
				CLANG_WARN_COMMA = YES;
				CLANG_WARN_CONSTANT_CONVERSION = YES;
				CLANG_WARN_DEPRECATED_OBJC_IMPLEMENTATIONS = YES;
				CLANG_WARN_DIRECT_OBJC_ISA_USAGE = YES_ERROR;
				CLANG_WARN_DOCUMENTATION_COMMENTS = YES;
				CLANG_WARN_EMPTY_BODY = YES;
				CLANG_WARN_ENUM_CONVERSION = YES;
				CLANG_WARN_INFINITE_RECURSION = YES;
				CLANG_WARN_INT_CONVERSION = YES;
				CLANG_WARN_NON_LITERAL_NULL_CONVERSION = YES;
				CLANG_WARN_OBJC_IMPLICIT_RETAIN_SELF = YES;
				CLANG_WARN_OBJC_LITERAL_CONVERSION = YES;
				CLANG_WARN_OBJC_ROOT_CLASS = YES_ERROR;
				CLANG_WARN_QUOTED_INCLUDE_IN_FRAMEWORK_HEADER = YES;
				CLANG_WARN_RANGE_LOOP_ANALYSIS = YES;
				CLANG_WARN_STRICT_PROTOTYPES = YES;
				CLANG_WARN_SUSPICIOUS_MOVE = YES;
				CLANG_WARN_UNGUARDED_AVAILABILITY = YES_AGGRESSIVE;
				CLANG_WARN_UNREACHABLE_CODE = YES;
				CLANG_WARN__DUPLICATE_METHOD_MATCH = YES;
				COPY_PHASE_STRIP = NO;
				DEBUG_INFORMATION_FORMAT = "dwarf-with-dsym";
				ENABLE_NS_ASSERTIONS = NO;
				ENABLE_STRICT_OBJC_MSGSEND = YES;
				GCC_C_LANGUAGE_STANDARD = gnu11;
				GCC_NO_COMMON_BLOCKS = YES;
				GCC_WARN_64_TO_32_BIT_CONVERSION = YES;
				GCC_WARN_ABOUT_RETURN_TYPE = YES_ERROR;
				GCC_WARN_UNDECLARED_SELECTOR = YES;
				GCC_WARN_UNINITIALIZED_AUTOS = YES_AGGRESSIVE;
				GCC_WARN_UNUSED_FUNCTION = YES;
				GCC_WARN_UNUSED_VARIABLE = YES;
				IPHONEOS_DEPLOYMENT_TARGET = 16.2;
				MTL_ENABLE_DEBUG_INFO = NO;
				MTL_FAST_MATH = YES;
				SDKROOT = iphoneos;
				SWIFT_COMPILATION_MODE = wholemodule;
				SWIFT_OPTIMIZATION_LEVEL = "-O";
				VALIDATE_PRODUCT = YES;
			};
			name = Release;
		};
		B971EE932A7FE41700C5D035 /* Debug */ = {
			isa = XCBuildConfiguration;
			buildSettings = {
				ASSETCATALOG_COMPILER_APPICON_NAME = AppIcon;
				ASSETCATALOG_COMPILER_GLOBAL_ACCENT_COLOR_NAME = AccentColor;
				CODE_SIGN_STYLE = Automatic;
				CURRENT_PROJECT_VERSION = 1;
				DEVELOPMENT_ASSET_PATHS = "\"AutoMyTestSUI/Preview Content\"";
				DEVELOPMENT_TEAM = F6472MA2BW;
				ENABLE_PREVIEWS = YES;
				GENERATE_INFOPLIST_FILE = YES;
				INFOPLIST_KEY_UIApplicationSceneManifest_Generation = YES;
				INFOPLIST_KEY_UIApplicationSupportsIndirectInputEvents = YES;
				INFOPLIST_KEY_UILaunchScreen_Generation = YES;
				INFOPLIST_KEY_UISupportedInterfaceOrientations_iPad = "UIInterfaceOrientationPortrait UIInterfaceOrientationPortraitUpsideDown UIInterfaceOrientationLandscapeLeft UIInterfaceOrientationLandscapeRight";
				INFOPLIST_KEY_UISupportedInterfaceOrientations_iPhone = "UIInterfaceOrientationPortrait UIInterfaceOrientationLandscapeLeft UIInterfaceOrientationLandscapeRight";
				LD_RUNPATH_SEARCH_PATHS = (
					"$(inherited)",
					"@executable_path/Frameworks",
				);
				MARKETING_VERSION = 1.0;
				PRODUCT_BUNDLE_IDENTIFIER = "-23.AutoMyTestSUI";
				PRODUCT_NAME = "$(TARGET_NAME)";
				SWIFT_EMIT_LOC_STRINGS = YES;
				SWIFT_VERSION = 5.0;
				TARGETED_DEVICE_FAMILY = "1,2";
			};
			name = Debug;
		};
		B971EE942A7FE41700C5D035 /* Release */ = {
			isa = XCBuildConfiguration;
			buildSettings = {
				ASSETCATALOG_COMPILER_APPICON_NAME = AppIcon;
				ASSETCATALOG_COMPILER_GLOBAL_ACCENT_COLOR_NAME = AccentColor;
				CODE_SIGN_STYLE = Automatic;
				CURRENT_PROJECT_VERSION = 1;
				DEVELOPMENT_ASSET_PATHS = "\"AutoMyTestSUI/Preview Content\"";
				DEVELOPMENT_TEAM = F6472MA2BW;
				ENABLE_PREVIEWS = YES;
				GENERATE_INFOPLIST_FILE = YES;
				INFOPLIST_KEY_UIApplicationSceneManifest_Generation = YES;
				INFOPLIST_KEY_UIApplicationSupportsIndirectInputEvents = YES;
				INFOPLIST_KEY_UILaunchScreen_Generation = YES;
				INFOPLIST_KEY_UISupportedInterfaceOrientations_iPad = "UIInterfaceOrientationPortrait UIInterfaceOrientationPortraitUpsideDown UIInterfaceOrientationLandscapeLeft UIInterfaceOrientationLandscapeRight";
				INFOPLIST_KEY_UISupportedInterfaceOrientations_iPhone = "UIInterfaceOrientationPortrait UIInterfaceOrientationLandscapeLeft UIInterfaceOrientationLandscapeRight";
				LD_RUNPATH_SEARCH_PATHS = (
					"$(inherited)",
					"@executable_path/Frameworks",
				);
				MARKETING_VERSION = 1.0;
				PRODUCT_BUNDLE_IDENTIFIER = "-23.AutoMyTestSUI";
				PRODUCT_NAME = "$(TARGET_NAME)";
				SWIFT_EMIT_LOC_STRINGS = YES;
				SWIFT_VERSION = 5.0;
				TARGETED_DEVICE_FAMILY = "1,2";
			};
			name = Release;
		};
/* End XCBuildConfiguration section */

/* Begin XCConfigurationList section */
		B971EE7F2A7FE41600C5D035 /* Build configuration list for PBXProject "AutoMyTestSUI" */ = {
			isa = XCConfigurationList;
			buildConfigurations = (
				B971EE902A7FE41700C5D035 /* Debug */,
				B971EE912A7FE41700C5D035 /* Release */,
			);
			defaultConfigurationIsVisible = 0;
			defaultConfigurationName = Release;
		};
		B971EE922A7FE41700C5D035 /* Build configuration list for PBXNativeTarget "AutoMyTestSUI" */ = {
			isa = XCConfigurationList;
			buildConfigurations = (
				B971EE932A7FE41700C5D035 /* Debug */,
				B971EE942A7FE41700C5D035 /* Release */,
			);
			defaultConfigurationIsVisible = 0;
			defaultConfigurationName = Release;
		};
/* End XCConfigurationList section */
	};
	rootObject = B971EE7C2A7FE41600C5D035 /* Project object */;
}
