// !$*UTF8*$!
{
	archiveVersion = 1;
	classes = {
	};
	objectVersion = 56;
	objects = {

/* Begin PBXBuildFile section */
		B971EE882A7FE41600C5D035 /* AutoMyTestSUIApp.swift in Sources */ = {isa = PBXBuildFile; fileRef = B971EE872A7FE41600C5D035 /* AutoMyTestSUIApp.swift */; };
		B971EE8A2A7FE41600C5D035 /* CarList.swift in Sources */ = {isa = PBXBuildFile; fileRef = B971EE892A7FE41600C5D035 /* CarList.swift */; };
		B971EE8C2A7FE41700C5D035 /* Assets.xcassets in Resources */ = {isa = PBXBuildFile; fileRef = B971EE8B2A7FE41700C5D035 /* Assets.xcassets */; };
		B971EE8F2A7FE41700C5D035 /* Preview Assets.xcassets in Resources */ = {isa = PBXBuildFile; fileRef = B971EE8E2A7FE41700C5D035 /* Preview Assets.xcassets */; };
		B971EE962A7FE50700C5D035 /* CarImages.swift in Sources */ = {isa = PBXBuildFile; fileRef = B971EE952A7FE50700C5D035 /* CarImages.swift */; };
		B971EE982A7FE54700C5D035 /* CarListItem.swift in Sources */ = {isa = PBXBuildFile; fileRef = B971EE972A7FE54700C5D035 /* CarListItem.swift */; };
		B971EE9B2A7FE61600C5D035 /* NetworkManager.swift in Sources */ = {isa = PBXBuildFile; fileRef = B971EE9A2A7FE61600C5D035 /* NetworkManager.swift */; };
		B971EE9F2A7FE71D00C5D035 /* CarsListViewModel.swift in Sources */ = {isa = PBXBuildFile; fileRef = B971EE9E2A7FE71D00C5D035 /* CarsListViewModel.swift */; };
		B971EEA12A7FE74B00C5D035 /* CarsListCard.swift in Sources */ = {isa = PBXBuildFile; fileRef = B971EEA02A7FE74B00C5D035 /* CarsListCard.swift */; };
		B971EEA72A7FE86900C5D035 /* Info.plist in Resources */ = {isa = PBXBuildFile; fileRef = B971EEA62A7FE86900C5D035 /* Info.plist */; };
		B971EEAC2A7FF6A600C5D035 /* AvtomobilkaApp.swift in Sources */ = {isa = PBXBuildFile; fileRef = B971EEAB2A7FF6A600C5D035 /* AvtomobilkaApp.swift */; };
		B971EEAE2A801E5300C5D035 /* CarScreen.swift in Sources */ = {isa = PBXBuildFile; fileRef = B971EEAD2A801E5300C5D035 /* CarScreen.swift */; };
		B971EEB02A801ED100C5D035 /* PostCard.swift in Sources */ = {isa = PBXBuildFile; fileRef = B971EEAF2A801ED100C5D035 /* PostCard.swift */; };
		B971EEB22A801EF300C5D035 /* TopProfileView.swift in Sources */ = {isa = PBXBuildFile; fileRef = B971EEB12A801EF300C5D035 /* TopProfileView.swift */; };
/* End PBXBuildFile section */

/* Begin PBXFileReference section */
		B971EE842A7FE41600C5D035 /* AutoMyTestSUI.app */ = {isa = PBXFileReference; explicitFileType = wrapper.application; includeInIndex = 0; path = AutoMyTestSUI.app; sourceTree = BUILT_PRODUCTS_DIR; };
		B971EE872A7FE41600C5D035 /* AutoMyTestSUIApp.swift */ = {isa = PBXFileReference; lastKnownFileType = sourcecode.swift; path = AutoMyTestSUIApp.swift; sourceTree = "<group>"; };
		B971EE892A7FE41600C5D035 /* CarList.swift */ = {isa = PBXFileReference; lastKnownFileType = sourcecode.swift; path = CarList.swift; sourceTree = "<group>"; };
		B971EE8B2A7FE41700C5D035 /* Assets.xcassets */ = {isa = PBXFileReference; lastKnownFileType = folder.assetcatalog; path = Assets.xcassets; sourceTree = "<group>"; };
		B971EE8E2A7FE41700C5D035 /* Preview Assets.xcassets */ = {isa = PBXFileReference; lastKnownFileType = folder.assetcatalog; path = "Preview Assets.xcassets"; sourceTree = "<group>"; };
		B971EE952A7FE50700C5D035 /* CarImages.swift */ = {isa = PBXFileReference; lastKnownFileType = sourcecode.swift; path = CarImages.swift; sourceTree = "<group>"; };
		B971EE972A7FE54700C5D035 /* CarListItem.swift */ = {isa = PBXFileReference; lastKnownFileType = sourcecode.swift; path = CarListItem.swift; sourceTree = "<group>"; };
		B971EE9A2A7FE61600C5D035 /* NetworkManager.swift */ = {isa = PBXFileReference; lastKnownFileType = sourcecode.swift; path = NetworkManager.swift; sourceTree = "<group>"; };
		B971EE9E2A7FE71D00C5D035 /* CarsListViewModel.swift */ = {isa = PBXFileReference; lastKnownFileType = sourcecode.swift; path = CarsListViewModel.swift; sourceTree = "<group>"; };
		B971EEA02A7FE74B00C5D035 /* CarsListCard.swift */ = {isa = PBXFileReference; lastKnownFileType = sourcecode.swift; path = CarsListCard.swift; sourceTree = "<group>"; };
		B971EEA62A7FE86900C5D035 /* Info.plist */ = {isa = PBXFileReference; fileEncoding = 4; lastKnownFileType = text.plist.xml; name = Info.plist; path = "../../../../Downloads/Avtomobilka-main/Avtomobilka/Application/Info.plist"; sourceTree = "<group>"; };
		B971EEAB2A7FF6A600C5D035 /* AvtomobilkaApp.swift */ = {isa = PBXFileReference; lastKnownFileType = sourcecode.swift; path = AvtomobilkaApp.swift; sourceTree = "<group>"; };
		B971EEAD2A801E5300C5D035 /* CarScreen.swift */ = {isa = PBXFileReference; lastKnownFileType = sourcecode.swift; path = CarScreen.swift; sourceTree = "<group>"; };
		B971EEAF2A801ED100C5D035 /* PostCard.swift */ = {isa = PBXFileReference; lastKnownFileType = sourcecode.swift; path = PostCard.swift; sourceTree = "<group>"; };
		B971EEB12A801EF300C5D035 /* TopProfileView.swift */ = {isa = PBXFileReference; lastKnownFileType = sourcecode.swift; path = TopProfileView.swift; sourceTree = "<group>"; };
/* End PBXFileReference section */

/* Begin PBXFrameworksBuildPhase section */
		B971EE812A7FE41600C5D035 /* Frameworks */ = {
			isa = PBXFrameworksBuildPhase;
			buildActionMask = 2147483647;
			files = (
			);
			runOnlyForDeploymentPostprocessing = 0;
		};
/* End PBXFrameworksBuildPhase section */

/* Begin PBXGroup section */
		B971EE7B2A7FE41600C5D035 = {
			isa = PBXGroup;
			children = (
				B971EE862A7FE41600C5D035 /* AutoMyTestSUI */,
				B971EE852A7FE41600C5D035 /* Products */,
			);
			sourceTree = "<group>";
		};
		B971EE852A7FE41600C5D035 /* Products */ = {
			isa = PBXGroup;
			children = (
				B971EE842A7FE41600C5D035 /* AutoMyTestSUI.app */,
			);
			name = Products;
			sourceTree = "<group>";
		};
		B971EE862A7FE41600C5D035 /* AutoMyTestSUI */ = {
			isa = PBXGroup;
			children = (
				B971EEA82A7FE8F300C5D035 /* ViewModel */,
				B971EEA22A7FE77100C5D035 /* CarsList */,
				B971EE992A7FE57600C5D035 /* Model */,
				B971EEA52A7FE7E800C5D035 /* Network */,
				B971EE8D2A7FE41700C5D035 /* Preview Content */,
				B971EE872A7FE41600C5D035 /* AutoMyTestSUIApp.swift */,
				B971EE8B2A7FE41700C5D035 /* Assets.xcassets */,
				B971EEA92A7FE93100C5D035 /* App */,
				B971EEA62A7FE86900C5D035 /* Info.plist */,
				B971EEAD2A801E5300C5D035 /* CarScreen.swift */,
				B971EEAF2A801ED100C5D035 /* PostCard.swift */,
				B971EEB12A801EF300C5D035 /* TopProfileView.swift */,
			);
			path = AutoMyTestSUI;
			sourceTree = "<group>";
		};
		B971EE8D2A7FE41700C5D035 /* Preview Content */ = {
			isa = PBXGroup;
			children = (
				B971EE8E2A7FE41700C5D035 /* Preview Assets.xcassets */,
			);
			path = "Preview Content";
			sourceTree = "<group>";
		};
		B971EE992A7FE57600C5D035 /* Model */ = {
			isa = PBXGroup;
			children = (
				B971EE952A7FE50700C5D035 /* CarImages.swift */,
				B971EE972A7FE54700C5D035 /* CarListItem.swift */,
			);
			path = Model;
			sourceTree = "<group>";
		};
		B971EEA22A7FE77100C5D035 /* CarsList */ = {
			isa = PBXGroup;
			children = (
				B971EE892A7FE41600C5D035 /* CarList.swift */,
				B971EEA02A7FE74B00C5D035 /* CarsListCard.swift */,
			);
			path = CarsList;
			sourceTree = "<group>";
		};
		B971EEA52A7FE7E800C5D035 /* Network */ = {
			isa = PBXGroup;
			children = (
				B971EE9A2A7FE61600C5D035 /* NetworkManager.swift */,
			);
			path = Network;
			sourceTree = "<group>";
		};
		B971EEA82A7FE8F300C5D035 /* ViewModel */ = {
			isa = PBXGroup;
			children = (
				B971EE9E2A7FE71D00C5D035 /* CarsListViewModel.swift */,
			);
			path = ViewModel;
			sourceTree = "<group>";
		};
		B971EEA92A7FE93100C5D035 /* App */ = {
			isa = PBXGroup;
			children = (
				B971EEAB2A7FF6A600C5D035 /* AvtomobilkaApp.swift */,
			);
			path = App;
			sourceTree = "<group>";
		};
/* End PBXGroup section */

/* Begin PBXNativeTarget section */
		B971EE832A7FE41600C5D035 /* AutoMyTestSUI */ = {
			isa = PBXNativeTarget;
			buildConfigurationList = B971EE922A7FE41700C5D035 /* Build configuration list for PBXNativeTarget "AutoMyTestSUI" */;
			buildPhases = (
				B971EE802A7FE41600C5D035 /* Sources */,
				B971EE812A7FE41600C5D035 /* Frameworks */,
				B971EE822A7FE41600C5D035 /* Resources */,
			);
			buildRules = (
			);
			dependencies = (
			);
			name = AutoMyTestSUI;
			productName = AutoMyTestSUI;
			productReference = B971EE842A7FE41600C5D035 /* AutoMyTestSUI.app */;
			productType = "com.apple.product-type.application";
		};
/* End PBXNativeTarget section */

/* Begin PBXProject section */
		B971EE7C2A7FE41600C5D035 /* Project object */ = {
			isa = PBXProject;
			attributes = {
				BuildIndependentTargetsInParallel = 1;
				LastSwiftUpdateCheck = 1420;
				LastUpgradeCheck = 1420;
				TargetAttributes = {
					B971EE832A7FE41600C5D035 = {
						CreatedOnToolsVersion = 14.2;
					};
				};
			};
			buildConfigurationList = B971EE7F2A7FE41600C5D035 /* Build configuration list for PBXProject "AutoMyTestSUI" */;
			compatibilityVersion = "Xcode 14.0";
			developmentRegion = en;
			hasScannedForEncodings = 0;
			knownRegions = (
				en,
				Base,
			);
			mainGroup = B971EE7B2A7FE41600C5D035;
			productRefGroup = B971EE852A7FE41600C5D035 /* Products */;
			projectDirPath = "";
			projectRoot = "";
			targets = (
				B971EE832A7FE41600C5D035 /* AutoMyTestSUI */,
			);
		};
/* End PBXProject section */

/* Begin PBXResourcesBuildPhase section */
		B971EE822A7FE41600C5D035 /* Resources */ = {
			isa = PBXResourcesBuildPhase;
			buildActionMask = 2147483647;
			files = (
				B971EE8F2A7FE41700C5D035 /* Preview Assets.xcassets in Resources */,
				B971EE8C2A7FE41700C5D035 /* Assets.xcassets in Resources */,
				B971EEA72A7FE86900C5D035 /* Info.plist in Resources */,
			);
			runOnlyForDeploymentPostprocessing = 0;
		};
/* End PBXResourcesBuildPhase section */

/* Begin PBXSourcesBuildPhase section */
		B971EE802A7FE41600C5D035 /* Sources */ = {
			isa = PBXSourcesBuildPhase;
			buildActionMask = 2147483647;
			files = (
				B971EE8A2A7FE41600C5D035 /* CarList.swift in Sources */,
				B971EEAC2A7FF6A600C5D035 /* AvtomobilkaApp.swift in Sources */,
				B971EE982A7FE54700C5D035 /* CarListItem.swift in Sources */,
				B971EE9B2A7FE61600C5D035 /* NetworkManager.swift in Sources */,
				B971EE882A7FE41600C5D035 /* AutoMyTestSUIApp.swift in Sources */,
				B971EEB22A801EF300C5D035 /* TopProfileView.swift in Sources */,
				B971EEAE2A801E5300C5D035 /* CarScreen.swift in Sources */,
				B971EE962A7FE50700C5D035 /* CarImages.swift in Sources */,
				B971EEA12A7FE74B00C5D035 /* CarsListCard.swift in Sources */,
				B971EE9F2A7FE71D00C5D035 /* CarsListViewModel.swift in Sources */,
				B971EEB02A801ED100C5D035 /* PostCard.swift in Sources */,
			);
			runOnlyForDeploymentPostprocessing = 0;
		};
/* End PBXSourcesBuildPhase section */

/* Begin XCBuildConfiguration section */
		B971EE902A7FE41700C5D035 /* Debug */ = {
			isa = XCBuildConfiguration;
			buildSettings = {
				ALWAYS_SEARCH_USER_PATHS = NO;
				CLANG_ANALYZER_NONNULL = YES;
				CLANG_ANALYZER_NUMBER_OBJECT_CONVERSION = YES_AGGRESSIVE;
				CLANG_CXX_LANGUAGE_STANDARD = "gnu++20";
				CLANG_ENABLE_MODULES = YES;
				CLANG_ENABLE_OBJC_ARC = YES;
				CLANG_ENABLE_OBJC_WEAK = YES;
				CLANG_WARN_BLOCK_CAPTURE_AUTORELEASING = YES;
				CLANG_WARN_BOOL_CONVERSION = YES;
				CLANG_WARN_COMMA = YES;
				CLANG_WARN_CONSTANT_CONVERSION = YES;
				CLANG_WARN_DEPRECATED_OBJC_IMPLEMENTATIONS = YES;
				CLANG_WARN_DIRECT_OBJC_ISA_USAGE = YES_ERROR;
				CLANG_WARN_DOCUMENTATION_COMMENTS = YES;
				CLANG_WARN_EMPTY_BODY = YES;
				CLANG_WARN_ENUM_CONVERSION = YES;
				CLANG_WARN_INFINITE_RECURSION = YES;
				CLANG_WARN_INT_CONVERSION = YES;
				CLANG_WARN_NON_LITERAL_NULL_CONVERSION = YES;
				CLANG_WARN_OBJC_IMPLICIT_RETAIN_SELF = YES;
				CLANG_WARN_OBJC_LITERAL_CONVERSION = YES;
				CLANG_WARN_OBJC_ROOT_CLASS = YES_ERROR;
				CLANG_WARN_QUOTED_INCLUDE_IN_FRAMEWORK_HEADER = YES;
				CLANG_WARN_RANGE_LOOP_ANALYSIS = YES;
				CLANG_WARN_STRICT_PROTOTYPES = YES;
				CLANG_WARN_SUSPICIOUS_MOVE = YES;
				CLANG_WARN_UNGUARDED_AVAILABILITY = YES_AGGRESSIVE;
				CLANG_WARN_UNREACHABLE_CODE = YES;
				CLANG_WARN__DUPLICATE_METHOD_MATCH = YES;
				COPY_PHASE_STRIP = NO;
				DEBUG_INFORMATION_FORMAT = dwarf;
				ENABLE_STRICT_OBJC_MSGSEND = YES;
				ENABLE_TESTABILITY = YES;
				GCC_C_LANGUAGE_STANDARD = gnu11;
				GCC_DYNAMIC_NO_PIC = NO;
				GCC_NO_COMMON_BLOCKS = YES;
				GCC_OPTIMIZATION_LEVEL = 0;
				GCC_PREPROCESSOR_DEFINITIONS = (
					"DEBUG=1",
					"$(inherited)",
				);
				GCC_WARN_64_TO_32_BIT_CONVERSION = YES;
				GCC_WARN_ABOUT_RETURN_TYPE = YES_ERROR;
				GCC_WARN_UNDECLARED_SELECTOR = YES;
				GCC_WARN_UNINITIALIZED_AUTOS = YES_AGGRESSIVE;
				GCC_WARN_UNUSED_FUNCTION = YES;
				GCC_WARN_UNUSED_VARIABLE = YES;
				IPHONEOS_DEPLOYMENT_TARGET = 16.2;
				MTL_ENABLE_DEBUG_INFO = INCLUDE_SOURCE;
				MTL_FAST_MATH = YES;
				ONLY_ACTIVE_ARCH = YES;
				SDKROOT = iphoneos;
				SWIFT_ACTIVE_COMPILATION_CONDITIONS = DEBUG;
				SWIFT_OPTIMIZATION_LEVEL = "-Onone";
			};
			name = Debug;
		};
		B971EE912A7FE41700C5D035 /* Release */ = {
			isa = XCBuildConfiguration;
			buildSettings = {
				ALWAYS_SEARCH_USER_PATHS = NO;
				CLANG_ANALYZER_NONNULL = YES;
				CLANG_ANALYZER_NUMBER_OBJECT_CONVERSION = YES_AGGRESSIVE;
				CLANG_CXX_LANGUAGE_STANDARD = "gnu++20";
				CLANG_ENABLE_MODULES = YES;
				CLANG_ENABLE_OBJC_ARC = YES;
				CLANG_ENABLE_OBJC_WEAK = YES;
				CLANG_WARN_BLOCK_CAPTURE_AUTORELEASING = YES;
				CLANG_WARN_BOOL_CONVERSION = YES;
				CLANG_WARN_COMMA = YES;
				CLANG_WARN_CONSTANT_CONVERSION = YES;
				CLANG_WARN_DEPRECATED_OBJC_IMPLEMENTATIONS = YES;
				CLANG_WARN_DIRECT_OBJC_ISA_USAGE = YES_ERROR;
				CLANG_WARN_DOCUMENTATION_COMMENTS = YES;
				CLANG_WARN_EMPTY_BODY = YES;
				CLANG_WARN_ENUM_CONVERSION = YES;
				CLANG_WARN_INFINITE_RECURSION = YES;
				CLANG_WARN_INT_CONVERSION = YES;
				CLANG_WARN_NON_LITERAL_NULL_CONVERSION = YES;
				CLANG_WARN_OBJC_IMPLICIT_RETAIN_SELF = YES;
				CLANG_WARN_OBJC_LITERAL_CONVERSION = YES;
				CLANG_WARN_OBJC_ROOT_CLASS = YES_ERROR;
				CLANG_WARN_QUOTED_INCLUDE_IN_FRAMEWORK_HEADER = YES;
				CLANG_WARN_RANGE_LOOP_ANALYSIS = YES;
				CLANG_WARN_STRICT_PROTOTYPES = YES;
				CLANG_WARN_SUSPICIOUS_MOVE = YES;
				CLANG_WARN_UNGUARDED_AVAILABILITY = YES_AGGRESSIVE;
				CLANG_WARN_UNREACHABLE_CODE = YES;
				CLANG_WARN__DUPLICATE_METHOD_MATCH = YES;
				COPY_PHASE_STRIP = NO;
				DEBUG_INFORMATION_FORMAT = "dwarf-with-dsym";
				ENABLE_NS_ASSERTIONS = NO;
				ENABLE_STRICT_OBJC_MSGSEND = YES;
				GCC_C_LANGUAGE_STANDARD = gnu11;
				GCC_NO_COMMON_BLOCKS = YES;
				GCC_WARN_64_TO_32_BIT_CONVERSION = YES;
				GCC_WARN_ABOUT_RETURN_TYPE = YES_ERROR;
				GCC_WARN_UNDECLARED_SELECTOR = YES;
				GCC_WARN_UNINITIALIZED_AUTOS = YES_AGGRESSIVE;
				GCC_WARN_UNUSED_FUNCTION = YES;
				GCC_WARN_UNUSED_VARIABLE = YES;
				IPHONEOS_DEPLOYMENT_TARGET = 16.2;
				MTL_ENABLE_DEBUG_INFO = NO;
				MTL_FAST_MATH = YES;
				SDKROOT = iphoneos;
				SWIFT_COMPILATION_MODE = wholemodule;
				SWIFT_OPTIMIZATION_LEVEL = "-O";
				VALIDATE_PRODUCT = YES;
			};
			name = Release;
		};
		B971EE932A7FE41700C5D035 /* Debug */ = {
			isa = XCBuildConfiguration;
			buildSettings = {
				ASSETCATALOG_COMPILER_APPICON_NAME = AppIcon;
				ASSETCATALOG_COMPILER_GLOBAL_ACCENT_COLOR_NAME = AccentColor;
				CODE_SIGN_STYLE = Automatic;
				CURRENT_PROJECT_VERSION = 1;
				DEVELOPMENT_ASSET_PATHS = "\"AutoMyTestSUI/Preview Content\"";
				DEVELOPMENT_TEAM = F6472MA2BW;
				ENABLE_PREVIEWS = YES;
				GENERATE_INFOPLIST_FILE = YES;
				INFOPLIST_KEY_UIApplicationSceneManifest_Generation = YES;
				INFOPLIST_KEY_UIApplicationSupportsIndirectInputEvents = YES;
				INFOPLIST_KEY_UILaunchScreen_Generation = YES;
				INFOPLIST_KEY_UISupportedInterfaceOrientations_iPad = "UIInterfaceOrientationPortrait UIInterfaceOrientationPortraitUpsideDown UIInterfaceOrientationLandscapeLeft UIInterfaceOrientationLandscapeRight";
				INFOPLIST_KEY_UISupportedInterfaceOrientations_iPhone = "UIInterfaceOrientationPortrait UIInterfaceOrientationLandscapeLeft UIInterfaceOrientationLandscapeRight";
				LD_RUNPATH_SEARCH_PATHS = (
					"$(inherited)",
					"@executable_path/Frameworks",
				);
				MARKETING_VERSION = 1.0;
				PRODUCT_BUNDLE_IDENTIFIER = "-23.AutoMyTestSUI";
				PRODUCT_NAME = "$(TARGET_NAME)";
				SWIFT_EMIT_LOC_STRINGS = YES;
				SWIFT_VERSION = 5.0;
				TARGETED_DEVICE_FAMILY = "1,2";
			};
			name = Debug;
		};
		B971EE942A7FE41700C5D035 /* Release */ = {
			isa = XCBuildConfiguration;
			buildSettings = {
				ASSETCATALOG_COMPILER_APPICON_NAME = AppIcon;
				ASSETCATALOG_COMPILER_GLOBAL_ACCENT_COLOR_NAME = AccentColor;
				CODE_SIGN_STYLE = Automatic;
				CURRENT_PROJECT_VERSION = 1;
				DEVELOPMENT_ASSET_PATHS = "\"AutoMyTestSUI/Preview Content\"";
				DEVELOPMENT_TEAM = F6472MA2BW;
				ENABLE_PREVIEWS = YES;
				GENERATE_INFOPLIST_FILE = YES;
				INFOPLIST_KEY_UIApplicationSceneManifest_Generation = YES;
				INFOPLIST_KEY_UIApplicationSupportsIndirectInputEvents = YES;
				INFOPLIST_KEY_UILaunchScreen_Generation = YES;
				INFOPLIST_KEY_UISupportedInterfaceOrientations_iPad = "UIInterfaceOrientationPortrait UIInterfaceOrientationPortraitUpsideDown UIInterfaceOrientationLandscapeLeft UIInterfaceOrientationLandscapeRight";
				INFOPLIST_KEY_UISupportedInterfaceOrientations_iPhone = "UIInterfaceOrientationPortrait UIInterfaceOrientationLandscapeLeft UIInterfaceOrientationLandscapeRight";
				LD_RUNPATH_SEARCH_PATHS = (
					"$(inherited)",
					"@executable_path/Frameworks",
				);
				MARKETING_VERSION = 1.0;
				PRODUCT_BUNDLE_IDENTIFIER = "-23.AutoMyTestSUI";
				PRODUCT_NAME = "$(TARGET_NAME)";
				SWIFT_EMIT_LOC_STRINGS = YES;
				SWIFT_VERSION = 5.0;
				TARGETED_DEVICE_FAMILY = "1,2";
			};
			name = Release;
		};
/* End XCBuildConfiguration section */

/* Begin XCConfigurationList section */
		B971EE7F2A7FE41600C5D035 /* Build configuration list for PBXProject "AutoMyTestSUI" */ = {
			isa = XCConfigurationList;
			buildConfigurations = (
				B971EE902A7FE41700C5D035 /* Debug */,
				B971EE912A7FE41700C5D035 /* Release */,
			);
			defaultConfigurationIsVisible = 0;
			defaultConfigurationName = Release;
		};
		B971EE922A7FE41700C5D035 /* Build configuration list for PBXNativeTarget "AutoMyTestSUI" */ = {
			isa = XCConfigurationList;
			buildConfigurations = (
				B971EE932A7FE41700C5D035 /* Debug */,
				B971EE942A7FE41700C5D035 /* Release */,
			);
			defaultConfigurationIsVisible = 0;
			defaultConfigurationName = Release;
		};
/* End XCConfigurationList section */
	};
	rootObject = B971EE7C2A7FE41600C5D035 /* Project object */;
}
